
Microsoft Visual Studio Solution File, Format Version 12.00
# Visual Studio Version 17
VisualStudioVersion = 17.10.35013.160
MinimumVisualStudioVersion = 10.0.40219.1
Project("{FAE04EC0-301F-11D3-BF4B-00C04F79EFBC}") = "NewX", "NewX\NewX.csproj", "{A6FD7D04-7B16-4F8D-BA70-8E91C299C432}"
EndProject
Global
	GlobalSection(SolutionConfigurationPlatforms) = preSolution
		Debug|Any CPU = Debug|Any CPU
		Release|Any CPU = Release|Any CPU
	EndGlobalSection
	GlobalSection(ProjectConfigurationPlatforms) = postSolution
		{A6FD7D04-7B16-4F8D-BA70-8E91C299C432}.Debug|Any CPU.ActiveCfg = Debug|Any CPU
		{A6FD7D04-7B16-4F8D-BA70-8E91C299C432}.Debug|Any CPU.Build.0 = Debug|Any CPU
		{A6FD7D04-7B16-4F8D-BA70-8E91C299C432}.Release|Any CPU.ActiveCfg = Release|Any CPU
		{A6FD7D04-7B16-4F8D-BA70-8E91C299C432}.Release|Any CPU.Build.0 = Release|Any CPU
	EndGlobalSection
	GlobalSection(SolutionProperties) = preSolution
		HideSolutionNode = FALSE
	EndGlobalSection
	GlobalSection(ExtensibilityGlobals) = postSolution
		SolutionGuid = {99FE5DCE-78D0-4D10-A948-516EB8B01DFE}
	EndGlobalSection
EndGlobal
